
Microsoft Visual Studio Solution File, Format Version 12.00
# Visual Studio Version 17
VisualStudioVersion = 17.14.36212.18 d17.14
MinimumVisualStudioVersion = 10.0.40219.1
Project("{FAE04EC0-301F-11D3-BF4B-00C04F79EFBC}") = "StoreAppLab4", "StoreAppLab4.csproj", "{C2BE2A35-4C61-4B8B-8C1E-33901D8C7334}"
EndProject
Global
	GlobalSection(SolutionConfigurationPlatforms) = preSolution
		Debug|Any CPU = Debug|Any CPU
		Release|Any CPU = Release|Any CPU
	EndGlobalSection
	GlobalSection(ProjectConfigurationPlatforms) = postSolution
		{C2BE2A35-4C61-4B8B-8C1E-33901D8C7334}.Debug|Any CPU.ActiveCfg = Debug|Any CPU
		{C2BE2A35-4C61-4B8B-8C1E-33901D8C7334}.Debug|Any CPU.Build.0 = Debug|Any CPU
		{C2BE2A35-4C61-4B8B-8C1E-33901D8C7334}.Release|Any CPU.ActiveCfg = Release|Any CPU
		{C2BE2A35-4C61-4B8B-8C1E-33901D8C7334}.Release|Any CPU.Build.0 = Release|Any CPU
	EndGlobalSection
	GlobalSection(SolutionProperties) = preSolution
		HideSolutionNode = FALSE
	EndGlobalSection
	GlobalSection(ExtensibilityGlobals) = postSolution
		SolutionGuid = {6A3A3865-CE33-4E20-A8C4-F4487185FDAD}
	EndGlobalSection
EndGlobal
