
Microsoft Visual Studio Solution File, Format Version 12.00
# Visual Studio Version 17
VisualStudioVersion = 17.14.36212.18 d17.14
MinimumVisualStudioVersion = 10.0.40219.1
Project("{FAE04EC0-301F-11D3-BF4B-00C04F79EFBC}") = "RetailInventory1", "RetailInventory1.csproj", "{65840011-A575-40F1-9665-E444DB26BCBC}"
EndProject
Global
	GlobalSection(SolutionConfigurationPlatforms) = preSolution
		Debug|Any CPU = Debug|Any CPU
		Release|Any CPU = Release|Any CPU
	EndGlobalSection
	GlobalSection(ProjectConfigurationPlatforms) = postSolution
		{65840011-A575-40F1-9665-E444DB26BCBC}.Debug|Any CPU.ActiveCfg = Debug|Any CPU
		{65840011-A575-40F1-9665-E444DB26BCBC}.Debug|Any CPU.Build.0 = Debug|Any CPU
		{65840011-A575-40F1-9665-E444DB26BCBC}.Release|Any CPU.ActiveCfg = Release|Any CPU
		{65840011-A575-40F1-9665-E444DB26BCBC}.Release|Any CPU.Build.0 = Release|Any CPU
	EndGlobalSection
	GlobalSection(SolutionProperties) = preSolution
		HideSolutionNode = FALSE
	EndGlobalSection
	GlobalSection(ExtensibilityGlobals) = postSolution
		SolutionGuid = {9103FD12-8B30-4871-B7A9-ADE43D36FE07}
	EndGlobalSection
EndGlobal
